
Microsoft Visual Studio Solution File, Format Version 12.00
# Visual Studio 14
VisualStudioVersion = 14.0.25420.1
MinimumVisualStudioVersion = 10.0.40219.1
Project("{FAE04EC0-301F-11D3-BF4B-00C04F79EFBC}") = "SoundFingerprinting.Tests", "SoundFingerprinting.Tests\SoundFingerprinting.Tests.csproj", "{987DA38D-5157-4D83-9B1D-83A0A62D0E94}"
EndProject
Project("{FAE04EC0-301F-11D3-BF4B-00C04F79EFBC}") = "SoundFingerprinting", "SoundFingerprinting\SoundFingerprinting.csproj", "{56EB1986-589C-4DA9-B961-5833BB4A7816}"
EndProject
Project("{2150E333-8FDC-42A3-9474-1A3956D46DE8}") = "Solution Items", "Solution Items", "{73D53E1C-FB16-4B8C-8EAA-70E170228C51}"
EndProject
Project("{2150E333-8FDC-42A3-9474-1A3956D46DE8}") = ".nuget", ".nuget", "{3F844021-926C-4A34-8C6E-CF02E7801654}"
	ProjectSection(SolutionItems) = preProject
		.nuget\NuGet.Config = .nuget\NuGet.Config
		.nuget\NuGet.exe = .nuget\NuGet.exe
		.nuget\NuGet.targets = .nuget\NuGet.targets
	EndProjectSection
EndProject
Project("{FAE04EC0-301F-11D3-BF4B-00C04F79EFBC}") = "SoundFingerprinting.Audio.NAudio", "SoundFingerprinting.Audio.NAudio\SoundFingerprinting.Audio.NAudio.csproj", "{73A3FEE8-13EE-4EEB-9DB2-E52A30C8467A}"
EndProject
Project("{FAE04EC0-301F-11D3-BF4B-00C04F79EFBC}") = "SoundFingerprinting.Audio.NAudio.Test", "SoundFingerprinting.Audio.NAudio.Test\SoundFingerprinting.Audio.NAudio.Test.csproj", "{AE1865DB-C8D2-48E8-BB00-551D9D858C37}"
EndProject
Project("{FAE04EC0-301F-11D3-BF4B-00C04F79EFBC}") = "SoundFingerprinting.Audio", "SoundFingerprinting.Audio\SoundFingerprinting.Audio.csproj", "{0F94F031-1D0B-429A-A41D-956C1EAE435B}"
EndProject
Project("{FAE04EC0-301F-11D3-BF4B-00C04F79EFBC}") = "SoundFingerprinting.Infrastructure", "SoundFingerprinting.Infrastructure\SoundFingerprinting.Infrastructure.csproj", "{A265E08A-870F-406D-8751-4F6F6D69E91A}"
EndProject
Project("{2150E333-8FDC-42A3-9474-1A3956D46DE8}") = "Uap", "Uap", "{436A627C-4246-4595-9C01-A7C73336261F}"
EndProject
Project("{2150E333-8FDC-42A3-9474-1A3956D46DE8}") = ".Net", ".Net", "{21A7E6F9-7660-47B8-9BD7-55D0F8F9804E}"
EndProject
Project("{2150E333-8FDC-42A3-9474-1A3956D46DE8}") = "SoundFingerPrinting", "SoundFingerPrinting", "{9A28D5DB-3D9C-40A5-B1D0-9532FC9E4D0F}"
EndProject
Project("{FAE04EC0-301F-11D3-BF4B-00C04F79EFBC}") = "SongAnalizer", "SongAnalizer\SongAnalizer.csproj", "{DA785A77-D773-40AF-BD82-E9AD0866BABA}"
EndProject
Project("{FAE04EC0-301F-11D3-BF4B-00C04F79EFBC}") = "SoundFingerprinting.UWP", "SoundFingerprinting.UWP\SoundFingerprinting.UWP.csproj", "{47288A02-832C-41DF-B625-D4BB572736DA}"
EndProject
Project("{FAE04EC0-301F-11D3-BF4B-00C04F79EFBC}") = "SoundFingerprinting.Infrastructure.UWP", "SoundFingerprinting.Infrastructure.UWP\SoundFingerprinting.Infrastructure.UWP.csproj", "{DC5E25EF-CCFE-4990-AAAB-711F067D5E55}"
EndProject
Project("{FAE04EC0-301F-11D3-BF4B-00C04F79EFBC}") = "SoundFingerprinting.Audio.UWP", "SoundFingerprinting.Audio.UWP\SoundFingerprinting.Audio.UWP.csproj", "{2F78A6D2-1D9F-4DE5-9CCB-2F1ABB0D50D0}"
EndProject
Project("{2150E333-8FDC-42A3-9474-1A3956D46DE8}") = "Lagecy", "Lagecy", "{2CB3650F-8D9A-45C2-95A2-6D9123771FCD}"
EndProject
Project("{FAE04EC0-301F-11D3-BF4B-00C04F79EFBC}") = "SampleApp", "SampleApp\SampleApp.csproj", "{110BE09B-880B-403E-8BFA-992D1982143F}"
EndProject
Global
	GlobalSection(SolutionConfigurationPlatforms) = preSolution
		Debug|Any CPU = Debug|Any CPU
		Debug|ARM = Debug|ARM
		Debug|Mixed Platforms = Debug|Mixed Platforms
		Debug|x64 = Debug|x64
		Debug|x86 = Debug|x86
		Release|Any CPU = Release|Any CPU
		Release|ARM = Release|ARM
		Release|Mixed Platforms = Release|Mixed Platforms
		Release|x64 = Release|x64
		Release|x86 = Release|x86
	EndGlobalSection
	GlobalSection(ProjectConfigurationPlatforms) = postSolution
		{987DA38D-5157-4D83-9B1D-83A0A62D0E94}.Debug|Any CPU.ActiveCfg = Debug|Any CPU
		{987DA38D-5157-4D83-9B1D-83A0A62D0E94}.Debug|Any CPU.Build.0 = Debug|Any CPU
		{987DA38D-5157-4D83-9B1D-83A0A62D0E94}.Debug|ARM.ActiveCfg = Debug|Any CPU
		{987DA38D-5157-4D83-9B1D-83A0A62D0E94}.Debug|ARM.Build.0 = Debug|Any CPU
		{987DA38D-5157-4D83-9B1D-83A0A62D0E94}.Debug|Mixed Platforms.ActiveCfg = Debug|Any CPU
		{987DA38D-5157-4D83-9B1D-83A0A62D0E94}.Debug|Mixed Platforms.Build.0 = Debug|Any CPU
		{987DA38D-5157-4D83-9B1D-83A0A62D0E94}.Debug|x64.ActiveCfg = Debug|Any CPU
		{987DA38D-5157-4D83-9B1D-83A0A62D0E94}.Debug|x64.Build.0 = Debug|Any CPU
		{987DA38D-5157-4D83-9B1D-83A0A62D0E94}.Debug|x86.ActiveCfg = Debug|Any CPU
		{987DA38D-5157-4D83-9B1D-83A0A62D0E94}.Release|Any CPU.ActiveCfg = Release|Any CPU
		{987DA38D-5157-4D83-9B1D-83A0A62D0E94}.Release|Any CPU.Build.0 = Release|Any CPU
		{987DA38D-5157-4D83-9B1D-83A0A62D0E94}.Release|ARM.ActiveCfg = Release|Any CPU
		{987DA38D-5157-4D83-9B1D-83A0A62D0E94}.Release|ARM.Build.0 = Release|Any CPU
		{987DA38D-5157-4D83-9B1D-83A0A62D0E94}.Release|Mixed Platforms.ActiveCfg = Release|Any CPU
		{987DA38D-5157-4D83-9B1D-83A0A62D0E94}.Release|Mixed Platforms.Build.0 = Release|Any CPU
		{987DA38D-5157-4D83-9B1D-83A0A62D0E94}.Release|x64.ActiveCfg = Release|Any CPU
		{987DA38D-5157-4D83-9B1D-83A0A62D0E94}.Release|x64.Build.0 = Release|Any CPU
		{987DA38D-5157-4D83-9B1D-83A0A62D0E94}.Release|x86.ActiveCfg = Release|Any CPU
		{56EB1986-589C-4DA9-B961-5833BB4A7816}.Debug|Any CPU.ActiveCfg = Debug|Any CPU
		{56EB1986-589C-4DA9-B961-5833BB4A7816}.Debug|Any CPU.Build.0 = Debug|Any CPU
		{56EB1986-589C-4DA9-B961-5833BB4A7816}.Debug|ARM.ActiveCfg = Debug|Any CPU
		{56EB1986-589C-4DA9-B961-5833BB4A7816}.Debug|ARM.Build.0 = Debug|Any CPU
		{56EB1986-589C-4DA9-B961-5833BB4A7816}.Debug|Mixed Platforms.ActiveCfg = Debug|Any CPU
		{56EB1986-589C-4DA9-B961-5833BB4A7816}.Debug|Mixed Platforms.Build.0 = Debug|Any CPU
		{56EB1986-589C-4DA9-B961-5833BB4A7816}.Debug|x64.ActiveCfg = Debug|Any CPU
		{56EB1986-589C-4DA9-B961-5833BB4A7816}.Debug|x64.Build.0 = Debug|Any CPU
		{56EB1986-589C-4DA9-B961-5833BB4A7816}.Debug|x86.ActiveCfg = Debug|Any CPU
		{56EB1986-589C-4DA9-B961-5833BB4A7816}.Release|Any CPU.ActiveCfg = Release|Any CPU
		{56EB1986-589C-4DA9-B961-5833BB4A7816}.Release|Any CPU.Build.0 = Release|Any CPU
		{56EB1986-589C-4DA9-B961-5833BB4A7816}.Release|ARM.ActiveCfg = Release|Any CPU
		{56EB1986-589C-4DA9-B961-5833BB4A7816}.Release|ARM.Build.0 = Release|Any CPU
		{56EB1986-589C-4DA9-B961-5833BB4A7816}.Release|Mixed Platforms.ActiveCfg = Release|Any CPU
		{56EB1986-589C-4DA9-B961-5833BB4A7816}.Release|Mixed Platforms.Build.0 = Release|Any CPU
		{56EB1986-589C-4DA9-B961-5833BB4A7816}.Release|x64.ActiveCfg = Release|Any CPU
		{56EB1986-589C-4DA9-B961-5833BB4A7816}.Release|x64.Build.0 = Release|Any CPU
		{56EB1986-589C-4DA9-B961-5833BB4A7816}.Release|x86.ActiveCfg = Release|Any CPU
		{73A3FEE8-13EE-4EEB-9DB2-E52A30C8467A}.Debug|Any CPU.ActiveCfg = Debug|Any CPU
		{73A3FEE8-13EE-4EEB-9DB2-E52A30C8467A}.Debug|Any CPU.Build.0 = Debug|Any CPU
		{73A3FEE8-13EE-4EEB-9DB2-E52A30C8467A}.Debug|ARM.ActiveCfg = Debug|Any CPU
		{73A3FEE8-13EE-4EEB-9DB2-E52A30C8467A}.Debug|ARM.Build.0 = Debug|Any CPU
		{73A3FEE8-13EE-4EEB-9DB2-E52A30C8467A}.Debug|Mixed Platforms.ActiveCfg = Debug|Any CPU
		{73A3FEE8-13EE-4EEB-9DB2-E52A30C8467A}.Debug|Mixed Platforms.Build.0 = Debug|Any CPU
		{73A3FEE8-13EE-4EEB-9DB2-E52A30C8467A}.Debug|x64.ActiveCfg = Debug|Any CPU
		{73A3FEE8-13EE-4EEB-9DB2-E52A30C8467A}.Debug|x64.Build.0 = Debug|Any CPU
		{73A3FEE8-13EE-4EEB-9DB2-E52A30C8467A}.Debug|x86.ActiveCfg = Debug|Any CPU
		{73A3FEE8-13EE-4EEB-9DB2-E52A30C8467A}.Release|Any CPU.ActiveCfg = Release|Any CPU
		{73A3FEE8-13EE-4EEB-9DB2-E52A30C8467A}.Release|Any CPU.Build.0 = Release|Any CPU
		{73A3FEE8-13EE-4EEB-9DB2-E52A30C8467A}.Release|ARM.ActiveCfg = Release|Any CPU
		{73A3FEE8-13EE-4EEB-9DB2-E52A30C8467A}.Release|ARM.Build.0 = Release|Any CPU
		{73A3FEE8-13EE-4EEB-9DB2-E52A30C8467A}.Release|Mixed Platforms.ActiveCfg = Release|Any CPU
		{73A3FEE8-13EE-4EEB-9DB2-E52A30C8467A}.Release|Mixed Platforms.Build.0 = Release|Any CPU
		{73A3FEE8-13EE-4EEB-9DB2-E52A30C8467A}.Release|x64.ActiveCfg = Release|Any CPU
		{73A3FEE8-13EE-4EEB-9DB2-E52A30C8467A}.Release|x64.Build.0 = Release|Any CPU
		{73A3FEE8-13EE-4EEB-9DB2-E52A30C8467A}.Release|x86.ActiveCfg = Release|Any CPU
		{AE1865DB-C8D2-48E8-BB00-551D9D858C37}.Debug|Any CPU.ActiveCfg = Debug|Any CPU
		{AE1865DB-C8D2-48E8-BB00-551D9D858C37}.Debug|Any CPU.Build.0 = Debug|Any CPU
		{AE1865DB-C8D2-48E8-BB00-551D9D858C37}.Debug|ARM.ActiveCfg = Debug|Any CPU
		{AE1865DB-C8D2-48E8-BB00-551D9D858C37}.Debug|ARM.Build.0 = Debug|Any CPU
		{AE1865DB-C8D2-48E8-BB00-551D9D858C37}.Debug|Mixed Platforms.ActiveCfg = Debug|Any CPU
		{AE1865DB-C8D2-48E8-BB00-551D9D858C37}.Debug|Mixed Platforms.Build.0 = Debug|Any CPU
		{AE1865DB-C8D2-48E8-BB00-551D9D858C37}.Debug|x64.ActiveCfg = Debug|Any CPU
		{AE1865DB-C8D2-48E8-BB00-551D9D858C37}.Debug|x64.Build.0 = Debug|Any CPU
		{AE1865DB-C8D2-48E8-BB00-551D9D858C37}.Debug|x86.ActiveCfg = Debug|Any CPU
		{AE1865DB-C8D2-48E8-BB00-551D9D858C37}.Release|Any CPU.ActiveCfg = Release|Any CPU
		{AE1865DB-C8D2-48E8-BB00-551D9D858C37}.Release|Any CPU.Build.0 = Release|Any CPU
		{AE1865DB-C8D2-48E8-BB00-551D9D858C37}.Release|ARM.ActiveCfg = Release|Any CPU
		{AE1865DB-C8D2-48E8-BB00-551D9D858C37}.Release|ARM.Build.0 = Release|Any CPU
		{AE1865DB-C8D2-48E8-BB00-551D9D858C37}.Release|Mixed Platforms.ActiveCfg = Release|Any CPU
		{AE1865DB-C8D2-48E8-BB00-551D9D858C37}.Release|Mixed Platforms.Build.0 = Release|Any CPU
		{AE1865DB-C8D2-48E8-BB00-551D9D858C37}.Release|x64.ActiveCfg = Release|Any CPU
		{AE1865DB-C8D2-48E8-BB00-551D9D858C37}.Release|x64.Build.0 = Release|Any CPU
		{AE1865DB-C8D2-48E8-BB00-551D9D858C37}.Release|x86.ActiveCfg = Release|Any CPU
		{0F94F031-1D0B-429A-A41D-956C1EAE435B}.Debug|Any CPU.ActiveCfg = Debug|Any CPU
		{0F94F031-1D0B-429A-A41D-956C1EAE435B}.Debug|Any CPU.Build.0 = Debug|Any CPU
		{0F94F031-1D0B-429A-A41D-956C1EAE435B}.Debug|ARM.ActiveCfg = Debug|Any CPU
		{0F94F031-1D0B-429A-A41D-956C1EAE435B}.Debug|ARM.Build.0 = Debug|Any CPU
		{0F94F031-1D0B-429A-A41D-956C1EAE435B}.Debug|Mixed Platforms.ActiveCfg = Debug|Any CPU
		{0F94F031-1D0B-429A-A41D-956C1EAE435B}.Debug|Mixed Platforms.Build.0 = Debug|Any CPU
		{0F94F031-1D0B-429A-A41D-956C1EAE435B}.Debug|x64.ActiveCfg = Debug|Any CPU
		{0F94F031-1D0B-429A-A41D-956C1EAE435B}.Debug|x64.Build.0 = Debug|Any CPU
		{0F94F031-1D0B-429A-A41D-956C1EAE435B}.Debug|x86.ActiveCfg = Debug|Any CPU
		{0F94F031-1D0B-429A-A41D-956C1EAE435B}.Release|Any CPU.ActiveCfg = Release|Any CPU
		{0F94F031-1D0B-429A-A41D-956C1EAE435B}.Release|Any CPU.Build.0 = Release|Any CPU
		{0F94F031-1D0B-429A-A41D-956C1EAE435B}.Release|ARM.ActiveCfg = Release|Any CPU
		{0F94F031-1D0B-429A-A41D-956C1EAE435B}.Release|ARM.Build.0 = Release|Any CPU
		{0F94F031-1D0B-429A-A41D-956C1EAE435B}.Release|Mixed Platforms.ActiveCfg = Release|Any CPU
		{0F94F031-1D0B-429A-A41D-956C1EAE435B}.Release|Mixed Platforms.Build.0 = Release|Any CPU
		{0F94F031-1D0B-429A-A41D-956C1EAE435B}.Release|x64.ActiveCfg = Release|Any CPU
		{0F94F031-1D0B-429A-A41D-956C1EAE435B}.Release|x64.Build.0 = Release|Any CPU
		{0F94F031-1D0B-429A-A41D-956C1EAE435B}.Release|x86.ActiveCfg = Release|Any CPU
		{A265E08A-870F-406D-8751-4F6F6D69E91A}.Debug|Any CPU.ActiveCfg = Debug|Any CPU
		{A265E08A-870F-406D-8751-4F6F6D69E91A}.Debug|Any CPU.Build.0 = Debug|Any CPU
		{A265E08A-870F-406D-8751-4F6F6D69E91A}.Debug|ARM.ActiveCfg = Debug|Any CPU
		{A265E08A-870F-406D-8751-4F6F6D69E91A}.Debug|ARM.Build.0 = Debug|Any CPU
		{A265E08A-870F-406D-8751-4F6F6D69E91A}.Debug|Mixed Platforms.ActiveCfg = Debug|Any CPU
		{A265E08A-870F-406D-8751-4F6F6D69E91A}.Debug|Mixed Platforms.Build.0 = Debug|Any CPU
		{A265E08A-870F-406D-8751-4F6F6D69E91A}.Debug|x64.ActiveCfg = Debug|Any CPU
		{A265E08A-870F-406D-8751-4F6F6D69E91A}.Debug|x64.Build.0 = Debug|Any CPU
		{A265E08A-870F-406D-8751-4F6F6D69E91A}.Debug|x86.ActiveCfg = Debug|Any CPU
		{A265E08A-870F-406D-8751-4F6F6D69E91A}.Release|Any CPU.ActiveCfg = Release|Any CPU
		{A265E08A-870F-406D-8751-4F6F6D69E91A}.Release|Any CPU.Build.0 = Release|Any CPU
		{A265E08A-870F-406D-8751-4F6F6D69E91A}.Release|ARM.ActiveCfg = Release|Any CPU
		{A265E08A-870F-406D-8751-4F6F6D69E91A}.Release|ARM.Build.0 = Release|Any CPU
		{A265E08A-870F-406D-8751-4F6F6D69E91A}.Release|Mixed Platforms.ActiveCfg = Release|Any CPU
		{A265E08A-870F-406D-8751-4F6F6D69E91A}.Release|Mixed Platforms.Build.0 = Release|Any CPU
		{A265E08A-870F-406D-8751-4F6F6D69E91A}.Release|x64.ActiveCfg = Release|Any CPU
		{A265E08A-870F-406D-8751-4F6F6D69E91A}.Release|x64.Build.0 = Release|Any CPU
		{A265E08A-870F-406D-8751-4F6F6D69E91A}.Release|x86.ActiveCfg = Release|Any CPU
		{DA785A77-D773-40AF-BD82-E9AD0866BABA}.Debug|Any CPU.ActiveCfg = Debug|Any CPU
		{DA785A77-D773-40AF-BD82-E9AD0866BABA}.Debug|Any CPU.Build.0 = Debug|Any CPU
		{DA785A77-D773-40AF-BD82-E9AD0866BABA}.Debug|ARM.ActiveCfg = Debug|ARM
		{DA785A77-D773-40AF-BD82-E9AD0866BABA}.Debug|ARM.Build.0 = Debug|ARM
		{DA785A77-D773-40AF-BD82-E9AD0866BABA}.Debug|Mixed Platforms.ActiveCfg = Debug|x86
		{DA785A77-D773-40AF-BD82-E9AD0866BABA}.Debug|Mixed Platforms.Build.0 = Debug|x86
		{DA785A77-D773-40AF-BD82-E9AD0866BABA}.Debug|x64.ActiveCfg = Debug|x64
		{DA785A77-D773-40AF-BD82-E9AD0866BABA}.Debug|x64.Build.0 = Debug|x64
		{DA785A77-D773-40AF-BD82-E9AD0866BABA}.Debug|x86.ActiveCfg = Debug|x86
		{DA785A77-D773-40AF-BD82-E9AD0866BABA}.Debug|x86.Build.0 = Debug|x86
		{DA785A77-D773-40AF-BD82-E9AD0866BABA}.Release|Any CPU.ActiveCfg = Release|Any CPU
		{DA785A77-D773-40AF-BD82-E9AD0866BABA}.Release|Any CPU.Build.0 = Release|Any CPU
		{DA785A77-D773-40AF-BD82-E9AD0866BABA}.Release|ARM.ActiveCfg = Release|ARM
		{DA785A77-D773-40AF-BD82-E9AD0866BABA}.Release|ARM.Build.0 = Release|ARM
		{DA785A77-D773-40AF-BD82-E9AD0866BABA}.Release|Mixed Platforms.ActiveCfg = Release|x86
		{DA785A77-D773-40AF-BD82-E9AD0866BABA}.Release|Mixed Platforms.Build.0 = Release|x86
		{DA785A77-D773-40AF-BD82-E9AD0866BABA}.Release|x64.ActiveCfg = Release|x64
		{DA785A77-D773-40AF-BD82-E9AD0866BABA}.Release|x64.Build.0 = Release|x64
		{DA785A77-D773-40AF-BD82-E9AD0866BABA}.Release|x86.ActiveCfg = Release|x86
		{DA785A77-D773-40AF-BD82-E9AD0866BABA}.Release|x86.Build.0 = Release|x86
		{47288A02-832C-41DF-B625-D4BB572736DA}.Debug|Any CPU.ActiveCfg = Debug|Any CPU
		{47288A02-832C-41DF-B625-D4BB572736DA}.Debug|Any CPU.Build.0 = Debug|Any CPU
		{47288A02-832C-41DF-B625-D4BB572736DA}.Debug|ARM.ActiveCfg = Debug|ARM
		{47288A02-832C-41DF-B625-D4BB572736DA}.Debug|ARM.Build.0 = Debug|ARM
		{47288A02-832C-41DF-B625-D4BB572736DA}.Debug|Mixed Platforms.ActiveCfg = Debug|x86
		{47288A02-832C-41DF-B625-D4BB572736DA}.Debug|Mixed Platforms.Build.0 = Debug|x86
		{47288A02-832C-41DF-B625-D4BB572736DA}.Debug|x64.ActiveCfg = Debug|x64
		{47288A02-832C-41DF-B625-D4BB572736DA}.Debug|x64.Build.0 = Debug|x64
		{47288A02-832C-41DF-B625-D4BB572736DA}.Debug|x86.ActiveCfg = Debug|x86
		{47288A02-832C-41DF-B625-D4BB572736DA}.Debug|x86.Build.0 = Debug|x86
		{47288A02-832C-41DF-B625-D4BB572736DA}.Release|Any CPU.ActiveCfg = Release|Any CPU
		{47288A02-832C-41DF-B625-D4BB572736DA}.Release|Any CPU.Build.0 = Release|Any CPU
		{47288A02-832C-41DF-B625-D4BB572736DA}.Release|ARM.ActiveCfg = Release|ARM
		{47288A02-832C-41DF-B625-D4BB572736DA}.Release|ARM.Build.0 = Release|ARM
		{47288A02-832C-41DF-B625-D4BB572736DA}.Release|Mixed Platforms.ActiveCfg = Release|x86
		{47288A02-832C-41DF-B625-D4BB572736DA}.Release|Mixed Platforms.Build.0 = Release|x86
		{47288A02-832C-41DF-B625-D4BB572736DA}.Release|x64.ActiveCfg = Release|x64
		{47288A02-832C-41DF-B625-D4BB572736DA}.Release|x64.Build.0 = Release|x64
		{47288A02-832C-41DF-B625-D4BB572736DA}.Release|x86.ActiveCfg = Release|x86
		{47288A02-832C-41DF-B625-D4BB572736DA}.Release|x86.Build.0 = Release|x86
		{DC5E25EF-CCFE-4990-AAAB-711F067D5E55}.Debug|Any CPU.ActiveCfg = Debug|Any CPU
		{DC5E25EF-CCFE-4990-AAAB-711F067D5E55}.Debug|Any CPU.Build.0 = Debug|Any CPU
		{DC5E25EF-CCFE-4990-AAAB-711F067D5E55}.Debug|ARM.ActiveCfg = Debug|ARM
		{DC5E25EF-CCFE-4990-AAAB-711F067D5E55}.Debug|ARM.Build.0 = Debug|ARM
		{DC5E25EF-CCFE-4990-AAAB-711F067D5E55}.Debug|Mixed Platforms.ActiveCfg = Debug|x86
		{DC5E25EF-CCFE-4990-AAAB-711F067D5E55}.Debug|Mixed Platforms.Build.0 = Debug|x86
		{DC5E25EF-CCFE-4990-AAAB-711F067D5E55}.Debug|x64.ActiveCfg = Debug|x64
		{DC5E25EF-CCFE-4990-AAAB-711F067D5E55}.Debug|x64.Build.0 = Debug|x64
		{DC5E25EF-CCFE-4990-AAAB-711F067D5E55}.Debug|x86.ActiveCfg = Debug|x86
		{DC5E25EF-CCFE-4990-AAAB-711F067D5E55}.Debug|x86.Build.0 = Debug|x86
		{DC5E25EF-CCFE-4990-AAAB-711F067D5E55}.Release|Any CPU.ActiveCfg = Release|Any CPU
		{DC5E25EF-CCFE-4990-AAAB-711F067D5E55}.Release|Any CPU.Build.0 = Release|Any CPU
		{DC5E25EF-CCFE-4990-AAAB-711F067D5E55}.Release|ARM.ActiveCfg = Release|ARM
		{DC5E25EF-CCFE-4990-AAAB-711F067D5E55}.Release|ARM.Build.0 = Release|ARM
		{DC5E25EF-CCFE-4990-AAAB-711F067D5E55}.Release|Mixed Platforms.ActiveCfg = Release|x86
		{DC5E25EF-CCFE-4990-AAAB-711F067D5E55}.Release|Mixed Platforms.Build.0 = Release|x86
		{DC5E25EF-CCFE-4990-AAAB-711F067D5E55}.Release|x64.ActiveCfg = Release|x64
		{DC5E25EF-CCFE-4990-AAAB-711F067D5E55}.Release|x64.Build.0 = Release|x64
		{DC5E25EF-CCFE-4990-AAAB-711F067D5E55}.Release|x86.ActiveCfg = Release|x86
		{DC5E25EF-CCFE-4990-AAAB-711F067D5E55}.Release|x86.Build.0 = Release|x86
		{2F78A6D2-1D9F-4DE5-9CCB-2F1ABB0D50D0}.Debug|Any CPU.ActiveCfg = Debug|Any CPU
		{2F78A6D2-1D9F-4DE5-9CCB-2F1ABB0D50D0}.Debug|Any CPU.Build.0 = Debug|Any CPU
		{2F78A6D2-1D9F-4DE5-9CCB-2F1ABB0D50D0}.Debug|ARM.ActiveCfg = Debug|ARM
		{2F78A6D2-1D9F-4DE5-9CCB-2F1ABB0D50D0}.Debug|ARM.Build.0 = Debug|ARM
		{2F78A6D2-1D9F-4DE5-9CCB-2F1ABB0D50D0}.Debug|Mixed Platforms.ActiveCfg = Debug|x86
		{2F78A6D2-1D9F-4DE5-9CCB-2F1ABB0D50D0}.Debug|Mixed Platforms.Build.0 = Debug|x86
		{2F78A6D2-1D9F-4DE5-9CCB-2F1ABB0D50D0}.Debug|x64.ActiveCfg = Debug|x64
		{2F78A6D2-1D9F-4DE5-9CCB-2F1ABB0D50D0}.Debug|x64.Build.0 = Debug|x64
		{2F78A6D2-1D9F-4DE5-9CCB-2F1ABB0D50D0}.Debug|x86.ActiveCfg = Debug|x86
		{2F78A6D2-1D9F-4DE5-9CCB-2F1ABB0D50D0}.Debug|x86.Build.0 = Debug|x86
		{2F78A6D2-1D9F-4DE5-9CCB-2F1ABB0D50D0}.Release|Any CPU.ActiveCfg = Release|Any CPU
		{2F78A6D2-1D9F-4DE5-9CCB-2F1ABB0D50D0}.Release|Any CPU.Build.0 = Release|Any CPU
		{2F78A6D2-1D9F-4DE5-9CCB-2F1ABB0D50D0}.Release|ARM.ActiveCfg = Release|ARM
		{2F78A6D2-1D9F-4DE5-9CCB-2F1ABB0D50D0}.Release|ARM.Build.0 = Release|ARM
		{2F78A6D2-1D9F-4DE5-9CCB-2F1ABB0D50D0}.Release|Mixed Platforms.ActiveCfg = Release|x86
		{2F78A6D2-1D9F-4DE5-9CCB-2F1ABB0D50D0}.Release|Mixed Platforms.Build.0 = Release|x86
		{2F78A6D2-1D9F-4DE5-9CCB-2F1ABB0D50D0}.Release|x64.ActiveCfg = Release|x64
		{2F78A6D2-1D9F-4DE5-9CCB-2F1ABB0D50D0}.Release|x64.Build.0 = Release|x64
		{2F78A6D2-1D9F-4DE5-9CCB-2F1ABB0D50D0}.Release|x86.ActiveCfg = Release|x86
		{2F78A6D2-1D9F-4DE5-9CCB-2F1ABB0D50D0}.Release|x86.Build.0 = Release|x86
	EndGlobalSection
	GlobalSection(SolutionProperties) = preSolution
		HideSolutionNode = FALSE
	EndGlobalSection
	GlobalSection(NestedProjects) = preSolution
		{987DA38D-5157-4D83-9B1D-83A0A62D0E94} = {21A7E6F9-7660-47B8-9BD7-55D0F8F9804E}
		{56EB1986-589C-4DA9-B961-5833BB4A7816} = {21A7E6F9-7660-47B8-9BD7-55D0F8F9804E}
		{73A3FEE8-13EE-4EEB-9DB2-E52A30C8467A} = {21A7E6F9-7660-47B8-9BD7-55D0F8F9804E}
		{AE1865DB-C8D2-48E8-BB00-551D9D858C37} = {21A7E6F9-7660-47B8-9BD7-55D0F8F9804E}
		{0F94F031-1D0B-429A-A41D-956C1EAE435B} = {21A7E6F9-7660-47B8-9BD7-55D0F8F9804E}
		{A265E08A-870F-406D-8751-4F6F6D69E91A} = {21A7E6F9-7660-47B8-9BD7-55D0F8F9804E}
		{436A627C-4246-4595-9C01-A7C73336261F} = {9A28D5DB-3D9C-40A5-B1D0-9532FC9E4D0F}
		{21A7E6F9-7660-47B8-9BD7-55D0F8F9804E} = {9A28D5DB-3D9C-40A5-B1D0-9532FC9E4D0F}
		{DA785A77-D773-40AF-BD82-E9AD0866BABA} = {9A28D5DB-3D9C-40A5-B1D0-9532FC9E4D0F}
		{47288A02-832C-41DF-B625-D4BB572736DA} = {436A627C-4246-4595-9C01-A7C73336261F}
		{DC5E25EF-CCFE-4990-AAAB-711F067D5E55} = {436A627C-4246-4595-9C01-A7C73336261F}
		{2F78A6D2-1D9F-4DE5-9CCB-2F1ABB0D50D0} = {436A627C-4246-4595-9C01-A7C73336261F}
	EndGlobalSection
EndGlobal
