
Microsoft Visual Studio Solution File, Format Version 12.00
# Visual Studio 14
VisualStudioVersion = 14.0.22823.1
MinimumVisualStudioVersion = 10.0.40219.1
Project("{FAE04EC0-301F-11D3-BF4B-00C04F79EFBC}") = "SoundFingerprinting.Tests", "SoundFingerprinting.Tests\SoundFingerprinting.Tests.csproj", "{987DA38D-5157-4D83-9B1D-83A0A62D0E94}"
EndProject
Project("{FAE04EC0-301F-11D3-BF4B-00C04F79EFBC}") = "SoundFingerprinting", "SoundFingerprinting\SoundFingerprinting.csproj", "{56EB1986-589C-4DA9-B961-5833BB4A7816}"
EndProject
Project("{2150E333-8FDC-42A3-9474-1A3956D46DE8}") = "Solution Items", "Solution Items", "{73D53E1C-FB16-4B8C-8EAA-70E170228C51}"
EndProject
Project("{2150E333-8FDC-42A3-9474-1A3956D46DE8}") = ".nuget", ".nuget", "{3F844021-926C-4A34-8C6E-CF02E7801654}"
	ProjectSection(SolutionItems) = preProject
		.nuget\NuGet.Config = .nuget\NuGet.Config
		.nuget\NuGet.exe = .nuget\NuGet.exe
		.nuget\NuGet.targets = .nuget\NuGet.targets
	EndProjectSection
EndProject
Project("{FAE04EC0-301F-11D3-BF4B-00C04F79EFBC}") = "SoundFingerprinting.Audio.NAudio", "SoundFingerprinting.Audio.NAudio\SoundFingerprinting.Audio.NAudio.csproj", "{73A3FEE8-13EE-4EEB-9DB2-E52A30C8467A}"
EndProject
Project("{FAE04EC0-301F-11D3-BF4B-00C04F79EFBC}") = "SoundFingerprinting.Audio.NAudio.Test", "SoundFingerprinting.Audio.NAudio.Test\SoundFingerprinting.Audio.NAudio.Test.csproj", "{AE1865DB-C8D2-48E8-BB00-551D9D858C37}"
EndProject
Project("{FAE04EC0-301F-11D3-BF4B-00C04F79EFBC}") = "SoundFingerprinting.Audio", "SoundFingerprinting.Audio\SoundFingerprinting.Audio.csproj", "{0F94F031-1D0B-429A-A41D-956C1EAE435B}"
EndProject
Project("{FAE04EC0-301F-11D3-BF4B-00C04F79EFBC}") = "SoundFingerprinting.Infrastructure", "SoundFingerprinting.Infrastructure\SoundFingerprinting.Infrastructure.csproj", "{A265E08A-870F-406D-8751-4F6F6D69E91A}"
EndProject
Project("{FAE04EC0-301F-11D3-BF4B-00C04F79EFBC}") = "SoundFingerprinting.Uap", "SoundFingerprinting.Uwp\SoundFingerprinting.Uap.csproj", "{A7A2C97A-DBC8-4164-A594-1397C725C879}"
EndProject
Project("{2150E333-8FDC-42A3-9474-1A3956D46DE8}") = "Uap", "Uap", "{436A627C-4246-4595-9C01-A7C73336261F}"
EndProject
Project("{FAE04EC0-301F-11D3-BF4B-00C04F79EFBC}") = "SoundFingerprinting.Infrastructure.Uap", "SoundFingerprinting.Infrastructure.Uwp\SoundFingerprinting.Infrastructure.Uap.csproj", "{5FBB5336-FEB7-49B4-8A72-05782415FC3F}"
EndProject
Project("{FAE04EC0-301F-11D3-BF4B-00C04F79EFBC}") = "SoundFingerprinting.Audio.Uap", "SoundFingerprinting.Audio.Uap\SoundFingerprinting.Audio.Uap.csproj", "{4EBFEED3-F875-48E3-AA51-289CDB02C3C9}"
EndProject
Global
	GlobalSection(SolutionConfigurationPlatforms) = preSolution
		Debug|Any CPU = Debug|Any CPU
		Debug|ARM = Debug|ARM
		Debug|Mixed Platforms = Debug|Mixed Platforms
		Debug|x64 = Debug|x64
		Debug|x86 = Debug|x86
		Release|Any CPU = Release|Any CPU
		Release|ARM = Release|ARM
		Release|Mixed Platforms = Release|Mixed Platforms
		Release|x64 = Release|x64
		Release|x86 = Release|x86
	EndGlobalSection
	GlobalSection(ProjectConfigurationPlatforms) = postSolution
		{987DA38D-5157-4D83-9B1D-83A0A62D0E94}.Debug|Any CPU.ActiveCfg = Debug|Any CPU
		{987DA38D-5157-4D83-9B1D-83A0A62D0E94}.Debug|Any CPU.Build.0 = Debug|Any CPU
		{987DA38D-5157-4D83-9B1D-83A0A62D0E94}.Debug|ARM.ActiveCfg = Debug|Any CPU
		{987DA38D-5157-4D83-9B1D-83A0A62D0E94}.Debug|ARM.Build.0 = Debug|Any CPU
		{987DA38D-5157-4D83-9B1D-83A0A62D0E94}.Debug|Mixed Platforms.ActiveCfg = Debug|Any CPU
		{987DA38D-5157-4D83-9B1D-83A0A62D0E94}.Debug|Mixed Platforms.Build.0 = Debug|Any CPU
		{987DA38D-5157-4D83-9B1D-83A0A62D0E94}.Debug|x64.ActiveCfg = Debug|Any CPU
		{987DA38D-5157-4D83-9B1D-83A0A62D0E94}.Debug|x64.Build.0 = Debug|Any CPU
		{987DA38D-5157-4D83-9B1D-83A0A62D0E94}.Debug|x86.ActiveCfg = Debug|Any CPU
		{987DA38D-5157-4D83-9B1D-83A0A62D0E94}.Release|Any CPU.ActiveCfg = Release|Any CPU
		{987DA38D-5157-4D83-9B1D-83A0A62D0E94}.Release|Any CPU.Build.0 = Release|Any CPU
		{987DA38D-5157-4D83-9B1D-83A0A62D0E94}.Release|ARM.ActiveCfg = Release|Any CPU
		{987DA38D-5157-4D83-9B1D-83A0A62D0E94}.Release|ARM.Build.0 = Release|Any CPU
		{987DA38D-5157-4D83-9B1D-83A0A62D0E94}.Release|Mixed Platforms.ActiveCfg = Release|Any CPU
		{987DA38D-5157-4D83-9B1D-83A0A62D0E94}.Release|Mixed Platforms.Build.0 = Release|Any CPU
		{987DA38D-5157-4D83-9B1D-83A0A62D0E94}.Release|x64.ActiveCfg = Release|Any CPU
		{987DA38D-5157-4D83-9B1D-83A0A62D0E94}.Release|x64.Build.0 = Release|Any CPU
		{987DA38D-5157-4D83-9B1D-83A0A62D0E94}.Release|x86.ActiveCfg = Release|Any CPU
		{56EB1986-589C-4DA9-B961-5833BB4A7816}.Debug|Any CPU.ActiveCfg = Debug|Any CPU
		{56EB1986-589C-4DA9-B961-5833BB4A7816}.Debug|Any CPU.Build.0 = Debug|Any CPU
		{56EB1986-589C-4DA9-B961-5833BB4A7816}.Debug|ARM.ActiveCfg = Debug|Any CPU
		{56EB1986-589C-4DA9-B961-5833BB4A7816}.Debug|ARM.Build.0 = Debug|Any CPU
		{56EB1986-589C-4DA9-B961-5833BB4A7816}.Debug|Mixed Platforms.ActiveCfg = Debug|Any CPU
		{56EB1986-589C-4DA9-B961-5833BB4A7816}.Debug|Mixed Platforms.Build.0 = Debug|Any CPU
		{56EB1986-589C-4DA9-B961-5833BB4A7816}.Debug|x64.ActiveCfg = Debug|Any CPU
		{56EB1986-589C-4DA9-B961-5833BB4A7816}.Debug|x64.Build.0 = Debug|Any CPU
		{56EB1986-589C-4DA9-B961-5833BB4A7816}.Debug|x86.ActiveCfg = Debug|Any CPU
		{56EB1986-589C-4DA9-B961-5833BB4A7816}.Release|Any CPU.ActiveCfg = Release|Any CPU
		{56EB1986-589C-4DA9-B961-5833BB4A7816}.Release|Any CPU.Build.0 = Release|Any CPU
		{56EB1986-589C-4DA9-B961-5833BB4A7816}.Release|ARM.ActiveCfg = Release|Any CPU
		{56EB1986-589C-4DA9-B961-5833BB4A7816}.Release|ARM.Build.0 = Release|Any CPU
		{56EB1986-589C-4DA9-B961-5833BB4A7816}.Release|Mixed Platforms.ActiveCfg = Release|Any CPU
		{56EB1986-589C-4DA9-B961-5833BB4A7816}.Release|Mixed Platforms.Build.0 = Release|Any CPU
		{56EB1986-589C-4DA9-B961-5833BB4A7816}.Release|x64.ActiveCfg = Release|Any CPU
		{56EB1986-589C-4DA9-B961-5833BB4A7816}.Release|x64.Build.0 = Release|Any CPU
		{56EB1986-589C-4DA9-B961-5833BB4A7816}.Release|x86.ActiveCfg = Release|Any CPU
		{73A3FEE8-13EE-4EEB-9DB2-E52A30C8467A}.Debug|Any CPU.ActiveCfg = Debug|Any CPU
		{73A3FEE8-13EE-4EEB-9DB2-E52A30C8467A}.Debug|Any CPU.Build.0 = Debug|Any CPU
		{73A3FEE8-13EE-4EEB-9DB2-E52A30C8467A}.Debug|ARM.ActiveCfg = Debug|Any CPU
		{73A3FEE8-13EE-4EEB-9DB2-E52A30C8467A}.Debug|ARM.Build.0 = Debug|Any CPU
		{73A3FEE8-13EE-4EEB-9DB2-E52A30C8467A}.Debug|Mixed Platforms.ActiveCfg = Debug|Any CPU
		{73A3FEE8-13EE-4EEB-9DB2-E52A30C8467A}.Debug|Mixed Platforms.Build.0 = Debug|Any CPU
		{73A3FEE8-13EE-4EEB-9DB2-E52A30C8467A}.Debug|x64.ActiveCfg = Debug|Any CPU
		{73A3FEE8-13EE-4EEB-9DB2-E52A30C8467A}.Debug|x64.Build.0 = Debug|Any CPU
		{73A3FEE8-13EE-4EEB-9DB2-E52A30C8467A}.Debug|x86.ActiveCfg = Debug|Any CPU
		{73A3FEE8-13EE-4EEB-9DB2-E52A30C8467A}.Release|Any CPU.ActiveCfg = Release|Any CPU
		{73A3FEE8-13EE-4EEB-9DB2-E52A30C8467A}.Release|Any CPU.Build.0 = Release|Any CPU
		{73A3FEE8-13EE-4EEB-9DB2-E52A30C8467A}.Release|ARM.ActiveCfg = Release|Any CPU
		{73A3FEE8-13EE-4EEB-9DB2-E52A30C8467A}.Release|ARM.Build.0 = Release|Any CPU
		{73A3FEE8-13EE-4EEB-9DB2-E52A30C8467A}.Release|Mixed Platforms.ActiveCfg = Release|Any CPU
		{73A3FEE8-13EE-4EEB-9DB2-E52A30C8467A}.Release|Mixed Platforms.Build.0 = Release|Any CPU
		{73A3FEE8-13EE-4EEB-9DB2-E52A30C8467A}.Release|x64.ActiveCfg = Release|Any CPU
		{73A3FEE8-13EE-4EEB-9DB2-E52A30C8467A}.Release|x64.Build.0 = Release|Any CPU
		{73A3FEE8-13EE-4EEB-9DB2-E52A30C8467A}.Release|x86.ActiveCfg = Release|Any CPU
		{AE1865DB-C8D2-48E8-BB00-551D9D858C37}.Debug|Any CPU.ActiveCfg = Debug|Any CPU
		{AE1865DB-C8D2-48E8-BB00-551D9D858C37}.Debug|Any CPU.Build.0 = Debug|Any CPU
		{AE1865DB-C8D2-48E8-BB00-551D9D858C37}.Debug|ARM.ActiveCfg = Debug|Any CPU
		{AE1865DB-C8D2-48E8-BB00-551D9D858C37}.Debug|ARM.Build.0 = Debug|Any CPU
		{AE1865DB-C8D2-48E8-BB00-551D9D858C37}.Debug|Mixed Platforms.ActiveCfg = Debug|Any CPU
		{AE1865DB-C8D2-48E8-BB00-551D9D858C37}.Debug|Mixed Platforms.Build.0 = Debug|Any CPU
		{AE1865DB-C8D2-48E8-BB00-551D9D858C37}.Debug|x64.ActiveCfg = Debug|Any CPU
		{AE1865DB-C8D2-48E8-BB00-551D9D858C37}.Debug|x64.Build.0 = Debug|Any CPU
		{AE1865DB-C8D2-48E8-BB00-551D9D858C37}.Debug|x86.ActiveCfg = Debug|Any CPU
		{AE1865DB-C8D2-48E8-BB00-551D9D858C37}.Release|Any CPU.ActiveCfg = Release|Any CPU
		{AE1865DB-C8D2-48E8-BB00-551D9D858C37}.Release|Any CPU.Build.0 = Release|Any CPU
		{AE1865DB-C8D2-48E8-BB00-551D9D858C37}.Release|ARM.ActiveCfg = Release|Any CPU
		{AE1865DB-C8D2-48E8-BB00-551D9D858C37}.Release|ARM.Build.0 = Release|Any CPU
		{AE1865DB-C8D2-48E8-BB00-551D9D858C37}.Release|Mixed Platforms.ActiveCfg = Release|Any CPU
		{AE1865DB-C8D2-48E8-BB00-551D9D858C37}.Release|Mixed Platforms.Build.0 = Release|Any CPU
		{AE1865DB-C8D2-48E8-BB00-551D9D858C37}.Release|x64.ActiveCfg = Release|Any CPU
		{AE1865DB-C8D2-48E8-BB00-551D9D858C37}.Release|x64.Build.0 = Release|Any CPU
		{AE1865DB-C8D2-48E8-BB00-551D9D858C37}.Release|x86.ActiveCfg = Release|Any CPU
		{0F94F031-1D0B-429A-A41D-956C1EAE435B}.Debug|Any CPU.ActiveCfg = Debug|Any CPU
		{0F94F031-1D0B-429A-A41D-956C1EAE435B}.Debug|Any CPU.Build.0 = Debug|Any CPU
		{0F94F031-1D0B-429A-A41D-956C1EAE435B}.Debug|ARM.ActiveCfg = Debug|Any CPU
		{0F94F031-1D0B-429A-A41D-956C1EAE435B}.Debug|ARM.Build.0 = Debug|Any CPU
		{0F94F031-1D0B-429A-A41D-956C1EAE435B}.Debug|Mixed Platforms.ActiveCfg = Debug|Any CPU
		{0F94F031-1D0B-429A-A41D-956C1EAE435B}.Debug|Mixed Platforms.Build.0 = Debug|Any CPU
		{0F94F031-1D0B-429A-A41D-956C1EAE435B}.Debug|x64.ActiveCfg = Debug|Any CPU
		{0F94F031-1D0B-429A-A41D-956C1EAE435B}.Debug|x64.Build.0 = Debug|Any CPU
		{0F94F031-1D0B-429A-A41D-956C1EAE435B}.Debug|x86.ActiveCfg = Debug|Any CPU
		{0F94F031-1D0B-429A-A41D-956C1EAE435B}.Release|Any CPU.ActiveCfg = Release|Any CPU
		{0F94F031-1D0B-429A-A41D-956C1EAE435B}.Release|Any CPU.Build.0 = Release|Any CPU
		{0F94F031-1D0B-429A-A41D-956C1EAE435B}.Release|ARM.ActiveCfg = Release|Any CPU
		{0F94F031-1D0B-429A-A41D-956C1EAE435B}.Release|ARM.Build.0 = Release|Any CPU
		{0F94F031-1D0B-429A-A41D-956C1EAE435B}.Release|Mixed Platforms.ActiveCfg = Release|Any CPU
		{0F94F031-1D0B-429A-A41D-956C1EAE435B}.Release|Mixed Platforms.Build.0 = Release|Any CPU
		{0F94F031-1D0B-429A-A41D-956C1EAE435B}.Release|x64.ActiveCfg = Release|Any CPU
		{0F94F031-1D0B-429A-A41D-956C1EAE435B}.Release|x64.Build.0 = Release|Any CPU
		{0F94F031-1D0B-429A-A41D-956C1EAE435B}.Release|x86.ActiveCfg = Release|Any CPU
		{A265E08A-870F-406D-8751-4F6F6D69E91A}.Debug|Any CPU.ActiveCfg = Debug|Any CPU
		{A265E08A-870F-406D-8751-4F6F6D69E91A}.Debug|Any CPU.Build.0 = Debug|Any CPU
		{A265E08A-870F-406D-8751-4F6F6D69E91A}.Debug|ARM.ActiveCfg = Debug|Any CPU
		{A265E08A-870F-406D-8751-4F6F6D69E91A}.Debug|ARM.Build.0 = Debug|Any CPU
		{A265E08A-870F-406D-8751-4F6F6D69E91A}.Debug|Mixed Platforms.ActiveCfg = Debug|Any CPU
		{A265E08A-870F-406D-8751-4F6F6D69E91A}.Debug|Mixed Platforms.Build.0 = Debug|Any CPU
		{A265E08A-870F-406D-8751-4F6F6D69E91A}.Debug|x64.ActiveCfg = Debug|Any CPU
		{A265E08A-870F-406D-8751-4F6F6D69E91A}.Debug|x64.Build.0 = Debug|Any CPU
		{A265E08A-870F-406D-8751-4F6F6D69E91A}.Debug|x86.ActiveCfg = Debug|Any CPU
		{A265E08A-870F-406D-8751-4F6F6D69E91A}.Release|Any CPU.ActiveCfg = Release|Any CPU
		{A265E08A-870F-406D-8751-4F6F6D69E91A}.Release|Any CPU.Build.0 = Release|Any CPU
		{A265E08A-870F-406D-8751-4F6F6D69E91A}.Release|ARM.ActiveCfg = Release|Any CPU
		{A265E08A-870F-406D-8751-4F6F6D69E91A}.Release|ARM.Build.0 = Release|Any CPU
		{A265E08A-870F-406D-8751-4F6F6D69E91A}.Release|Mixed Platforms.ActiveCfg = Release|Any CPU
		{A265E08A-870F-406D-8751-4F6F6D69E91A}.Release|Mixed Platforms.Build.0 = Release|Any CPU
		{A265E08A-870F-406D-8751-4F6F6D69E91A}.Release|x64.ActiveCfg = Release|Any CPU
		{A265E08A-870F-406D-8751-4F6F6D69E91A}.Release|x64.Build.0 = Release|Any CPU
		{A265E08A-870F-406D-8751-4F6F6D69E91A}.Release|x86.ActiveCfg = Release|Any CPU
		{A7A2C97A-DBC8-4164-A594-1397C725C879}.Debug|Any CPU.ActiveCfg = Debug|Any CPU
		{A7A2C97A-DBC8-4164-A594-1397C725C879}.Debug|Any CPU.Build.0 = Debug|Any CPU
		{A7A2C97A-DBC8-4164-A594-1397C725C879}.Debug|ARM.ActiveCfg = Debug|ARM
		{A7A2C97A-DBC8-4164-A594-1397C725C879}.Debug|ARM.Build.0 = Debug|ARM
		{A7A2C97A-DBC8-4164-A594-1397C725C879}.Debug|Mixed Platforms.ActiveCfg = Debug|x86
		{A7A2C97A-DBC8-4164-A594-1397C725C879}.Debug|Mixed Platforms.Build.0 = Debug|x86
		{A7A2C97A-DBC8-4164-A594-1397C725C879}.Debug|x64.ActiveCfg = Debug|x64
		{A7A2C97A-DBC8-4164-A594-1397C725C879}.Debug|x64.Build.0 = Debug|x64
		{A7A2C97A-DBC8-4164-A594-1397C725C879}.Debug|x86.ActiveCfg = Debug|x86
		{A7A2C97A-DBC8-4164-A594-1397C725C879}.Debug|x86.Build.0 = Debug|x86
		{A7A2C97A-DBC8-4164-A594-1397C725C879}.Release|Any CPU.ActiveCfg = Release|Any CPU
		{A7A2C97A-DBC8-4164-A594-1397C725C879}.Release|Any CPU.Build.0 = Release|Any CPU
		{A7A2C97A-DBC8-4164-A594-1397C725C879}.Release|ARM.ActiveCfg = Release|ARM
		{A7A2C97A-DBC8-4164-A594-1397C725C879}.Release|ARM.Build.0 = Release|ARM
		{A7A2C97A-DBC8-4164-A594-1397C725C879}.Release|Mixed Platforms.ActiveCfg = Release|x86
		{A7A2C97A-DBC8-4164-A594-1397C725C879}.Release|Mixed Platforms.Build.0 = Release|x86
		{A7A2C97A-DBC8-4164-A594-1397C725C879}.Release|x64.ActiveCfg = Release|x64
		{A7A2C97A-DBC8-4164-A594-1397C725C879}.Release|x64.Build.0 = Release|x64
		{A7A2C97A-DBC8-4164-A594-1397C725C879}.Release|x86.ActiveCfg = Release|x86
		{A7A2C97A-DBC8-4164-A594-1397C725C879}.Release|x86.Build.0 = Release|x86
		{5FBB5336-FEB7-49B4-8A72-05782415FC3F}.Debug|Any CPU.ActiveCfg = Debug|Any CPU
		{5FBB5336-FEB7-49B4-8A72-05782415FC3F}.Debug|Any CPU.Build.0 = Debug|Any CPU
		{5FBB5336-FEB7-49B4-8A72-05782415FC3F}.Debug|ARM.ActiveCfg = Debug|ARM
		{5FBB5336-FEB7-49B4-8A72-05782415FC3F}.Debug|ARM.Build.0 = Debug|ARM
		{5FBB5336-FEB7-49B4-8A72-05782415FC3F}.Debug|Mixed Platforms.ActiveCfg = Debug|x86
		{5FBB5336-FEB7-49B4-8A72-05782415FC3F}.Debug|Mixed Platforms.Build.0 = Debug|x86
		{5FBB5336-FEB7-49B4-8A72-05782415FC3F}.Debug|x64.ActiveCfg = Debug|x64
		{5FBB5336-FEB7-49B4-8A72-05782415FC3F}.Debug|x64.Build.0 = Debug|x64
		{5FBB5336-FEB7-49B4-8A72-05782415FC3F}.Debug|x86.ActiveCfg = Debug|x86
		{5FBB5336-FEB7-49B4-8A72-05782415FC3F}.Debug|x86.Build.0 = Debug|x86
		{5FBB5336-FEB7-49B4-8A72-05782415FC3F}.Release|Any CPU.ActiveCfg = Release|Any CPU
		{5FBB5336-FEB7-49B4-8A72-05782415FC3F}.Release|Any CPU.Build.0 = Release|Any CPU
		{5FBB5336-FEB7-49B4-8A72-05782415FC3F}.Release|ARM.ActiveCfg = Release|ARM
		{5FBB5336-FEB7-49B4-8A72-05782415FC3F}.Release|ARM.Build.0 = Release|ARM
		{5FBB5336-FEB7-49B4-8A72-05782415FC3F}.Release|Mixed Platforms.ActiveCfg = Release|x86
		{5FBB5336-FEB7-49B4-8A72-05782415FC3F}.Release|Mixed Platforms.Build.0 = Release|x86
		{5FBB5336-FEB7-49B4-8A72-05782415FC3F}.Release|x64.ActiveCfg = Release|x64
		{5FBB5336-FEB7-49B4-8A72-05782415FC3F}.Release|x64.Build.0 = Release|x64
		{5FBB5336-FEB7-49B4-8A72-05782415FC3F}.Release|x86.ActiveCfg = Release|x86
		{5FBB5336-FEB7-49B4-8A72-05782415FC3F}.Release|x86.Build.0 = Release|x86
		{4EBFEED3-F875-48E3-AA51-289CDB02C3C9}.Debug|Any CPU.ActiveCfg = Debug|Any CPU
		{4EBFEED3-F875-48E3-AA51-289CDB02C3C9}.Debug|Any CPU.Build.0 = Debug|Any CPU
		{4EBFEED3-F875-48E3-AA51-289CDB02C3C9}.Debug|ARM.ActiveCfg = Debug|ARM
		{4EBFEED3-F875-48E3-AA51-289CDB02C3C9}.Debug|ARM.Build.0 = Debug|ARM
		{4EBFEED3-F875-48E3-AA51-289CDB02C3C9}.Debug|Mixed Platforms.ActiveCfg = Debug|x86
		{4EBFEED3-F875-48E3-AA51-289CDB02C3C9}.Debug|Mixed Platforms.Build.0 = Debug|x86
		{4EBFEED3-F875-48E3-AA51-289CDB02C3C9}.Debug|x64.ActiveCfg = Debug|x64
		{4EBFEED3-F875-48E3-AA51-289CDB02C3C9}.Debug|x64.Build.0 = Debug|x64
		{4EBFEED3-F875-48E3-AA51-289CDB02C3C9}.Debug|x86.ActiveCfg = Debug|x86
		{4EBFEED3-F875-48E3-AA51-289CDB02C3C9}.Debug|x86.Build.0 = Debug|x86
		{4EBFEED3-F875-48E3-AA51-289CDB02C3C9}.Release|Any CPU.ActiveCfg = Release|Any CPU
		{4EBFEED3-F875-48E3-AA51-289CDB02C3C9}.Release|Any CPU.Build.0 = Release|Any CPU
		{4EBFEED3-F875-48E3-AA51-289CDB02C3C9}.Release|ARM.ActiveCfg = Release|ARM
		{4EBFEED3-F875-48E3-AA51-289CDB02C3C9}.Release|ARM.Build.0 = Release|ARM
		{4EBFEED3-F875-48E3-AA51-289CDB02C3C9}.Release|Mixed Platforms.ActiveCfg = Release|x86
		{4EBFEED3-F875-48E3-AA51-289CDB02C3C9}.Release|Mixed Platforms.Build.0 = Release|x86
		{4EBFEED3-F875-48E3-AA51-289CDB02C3C9}.Release|x64.ActiveCfg = Release|x64
		{4EBFEED3-F875-48E3-AA51-289CDB02C3C9}.Release|x64.Build.0 = Release|x64
		{4EBFEED3-F875-48E3-AA51-289CDB02C3C9}.Release|x86.ActiveCfg = Release|x86
		{4EBFEED3-F875-48E3-AA51-289CDB02C3C9}.Release|x86.Build.0 = Release|x86
	EndGlobalSection
	GlobalSection(SolutionProperties) = preSolution
		HideSolutionNode = FALSE
	EndGlobalSection
	GlobalSection(NestedProjects) = preSolution
		{A7A2C97A-DBC8-4164-A594-1397C725C879} = {436A627C-4246-4595-9C01-A7C73336261F}
		{5FBB5336-FEB7-49B4-8A72-05782415FC3F} = {436A627C-4246-4595-9C01-A7C73336261F}
		{4EBFEED3-F875-48E3-AA51-289CDB02C3C9} = {436A627C-4246-4595-9C01-A7C73336261F}
	EndGlobalSection
EndGlobal
